# This file is autogenerated, do not edit; changes may be undone by the next 'dep ensure'.


[[projects]]
  branch = "system_update"
  name = "github.com/Bit-Nation/panthalassa"
  packages = [
    "bip32",
    "crypto/aes",
    "crypto/scrypt",
    "keyManager",
    "keyStore",
    "keyStore/migration",
    "keyStore/migration/chat",
    "keyStore/migration/encryption_key",
    "keyStore/migration/ethereum",
    "keyStore/migration/identity",
    "keyStore/migration/identity/ed25519",
    "mnemonic",
    "profile"
  ]
  revision = "2337c6749cafb402fce8709e20dc2712d196375a"

[[projects]]
  branch = "master"
  name = "github.com/Bit-Nation/protobuffers"
  packages = ["."]
  revision = "89156fe5570c8c3b700e25db4dd50267bcf5eeb0"

[[projects]]
  branch = "master"
  name = "github.com/Bit-Nation/x3dh"
  packages = ["."]
  revision = "f0fcdf8e34bf27e17bede582af1f5652648c4107"

[[projects]]
  branch = "master"
  name = "github.com/FactomProject/basen"
  packages = ["."]
  revision = "fe3947df716ebfda9847eb1b9a48f9592e06478c"

[[projects]]
  branch = "master"
  name = "github.com/FactomProject/btcutilecc"
  packages = ["."]
  revision = "d3a63a5752ecf3fbc06bd97365da752111c263df"

[[projects]]
  branch = "master"
  name = "github.com/agl/ed25519"
  packages = [
    ".",
    "edwards25519",
    "extra25519"
  ]
  revision = "5312a61534124124185d41f09206b9fef1d88403"

[[projects]]
  branch = "master"
  name = "github.com/btcsuite/btcd"
  packages = ["btcec"]
  revision = "f5e261fc9ec3437697fb31d8b38453c293204b29"

[[projects]]
  name = "github.com/davecgh/go-spew"
  packages = ["spew"]
  revision = "346938d642f2ec3594ed81d874461961cd0faa76"
  version = "v1.1.0"

[[projects]]
  name = "github.com/ethereum/go-ethereum"
  packages = [
    "common",
    "common/hexutil",
    "common/math",
    "crypto",
    "crypto/secp256k1",
    "crypto/sha3",
    "rlp"
  ]
  revision = "225171a4bfcc16bd12a1906b1e0d43d0b18c353b"
  version = "v1.8.13"

[[projects]]
  name = "github.com/gogo/protobuf"
  packages = ["proto"]
  revision = "636bf0302bc95575d69441b25a2603156ffdddf1"
  version = "v1.1.1"

[[projects]]
  name = "github.com/golang/protobuf"
  packages = ["proto"]
  revision = "b4deda0973fb4c70b50d226b1af49f3da59f5265"
  version = "v1.1.0"

[[projects]]
  name = "github.com/gorilla/context"
  packages = ["."]
  revision = "08b5f424b9271eedf6f9f0ce86cb9396ed337a42"
  version = "v1.1.1"

[[projects]]
  name = "github.com/gorilla/mux"
  packages = ["."]
  revision = "e3702bed27f0d39777b0b37b664b6280e8ef8fbf"
  version = "v1.6.2"

[[projects]]
  name = "github.com/gorilla/websocket"
  packages = ["."]
  revision = "ea4d1f681babbce9545c9c5f3d5194a789c89f5b"
  version = "v1.2.0"

[[projects]]
  name = "github.com/jbenet/go-base58"
  packages = ["."]
  revision = "6237cf65f3a6f7111cd8a42be3590df99a66bc7d"
  version = "1.0.0"

[[projects]]
  branch = "master"
  name = "github.com/libp2p/go-libp2p-crypto"
  packages = [
    ".",
    "pb"
  ]
  revision = "773c9eda74a1e905d4eab537487348e2cc4d0bb6"

[[projects]]
  branch = "master"
  name = "github.com/minio/sha256-simd"
  packages = ["."]
  revision = "ad98a36ba0da87206e3378c556abbfeaeaa98668"

[[projects]]
  name = "github.com/multiformats/go-multihash"
  packages = ["."]
  revision = "0e514edc5c8bbb858ed49a0a38a456d9bd0b2644"
  version = "v0.1.0"

[[projects]]
  name = "github.com/pmezard/go-difflib"
  packages = ["difflib"]
  revision = "792786c7400a136282c1664665ae0a8db921c6c2"
  version = "v1.0.0"

[[projects]]
  name = "github.com/stretchr/testify"
  packages = [
    "assert",
    "require"
  ]
  revision = "f35b8ab0b5a2cef36673838d662e249dd9c94686"
  version = "v1.2.2"

[[projects]]
  branch = "master"
  name = "github.com/tiabc/doubleratchet"
  packages = ["."]
  revision = "9d7f37c630e2bf368f380032c57186efe4230bbe"

[[projects]]
  name = "github.com/tyler-smith/go-bip32"
  packages = ["."]
  revision = "2c9cfd17756470a0b7c3e4b7954bae7d11035504"

[[projects]]
  name = "github.com/tyler-smith/go-bip39"
  packages = ["."]
  revision = "8e7a99b3e716f36d3b080a9a70f9eb45abe4edcc"

[[projects]]
  branch = "master"
  name = "golang.org/x/crypto"
  packages = [
    "curve25519",
    "ed25519",
    "ed25519/internal/edwards25519",
    "hkdf",
    "pbkdf2",
    "ripemd160",
    "scrypt",
    "sha3"
  ]
  revision = "c126467f60eb25f8f27e5a981f32a87e3965053f"

[solve-meta]
  analyzer-name = "dep"
  analyzer-version = 1
  inputs-digest = "6025d8b6ee1b216050da58104183ad0eca79d378e05184a8aa89ea6c51eb78f1"
  solver-name = "gps-cdcl"
  solver-version = 1
